
Microsoft Visual Studio Solution File, Format Version 12.00
# Visual Studio Version 17
VisualStudioVersion = 17.0.32014.148
MinimumVisualStudioVersion = 10.0.40219.1
Project("{FAE04EC0-301F-11D3-BF4B-00C04F79EFBC}") = "csm6", "csm6\csm6.csproj", "{4A3EF4D7-C7A9-43FF-A379-DF784C36A90E}"
EndProject
Global
	GlobalSection(SolutionConfigurationPlatforms) = preSolution
		Debug|Any CPU = Debug|Any CPU
		Release|Any CPU = Release|Any CPU
	EndGlobalSection
	GlobalSection(ProjectConfigurationPlatforms) = postSolution
		{4A3EF4D7-C7A9-43FF-A379-DF784C36A90E}.Debug|Any CPU.ActiveCfg = Debug|Any CPU
		{4A3EF4D7-C7A9-43FF-A379-DF784C36A90E}.Debug|Any CPU.Build.0 = Debug|Any CPU
		{4A3EF4D7-C7A9-43FF-A379-DF784C36A90E}.Release|Any CPU.ActiveCfg = Release|Any CPU
		{4A3EF4D7-C7A9-43FF-A379-DF784C36A90E}.Release|Any CPU.Build.0 = Release|Any CPU
	EndGlobalSection
	GlobalSection(SolutionProperties) = preSolution
		HideSolutionNode = FALSE
	EndGlobalSection
	GlobalSection(ExtensibilityGlobals) = postSolution
		SolutionGuid = {237C0E4A-C2FD-406A-A5D9-A13584F5D991}
	EndGlobalSection
EndGlobal
